
Microsoft Visual Studio Solution File, Format Version 12.00
# Visual Studio Version 17
VisualStudioVersion = 17.4.33213.308
MinimumVisualStudioVersion = 10.0.40219.1
Project("{FAE04EC0-301F-11D3-BF4B-00C04F79EFBC}") = "ProductCatalog", "ProductCatalog\ProductCatalog.csproj", "{BCB96804-5765-4272-BA30-DB524662B049}"
EndProject
Global
	GlobalSection(SolutionConfigurationPlatforms) = preSolution
		Debug|Any CPU = Debug|Any CPU
		Release|Any CPU = Release|Any CPU
	EndGlobalSection
	GlobalSection(ProjectConfigurationPlatforms) = postSolution
		{BCB96804-5765-4272-BA30-DB524662B049}.Debug|Any CPU.ActiveCfg = Debug|Any CPU
		{BCB96804-5765-4272-BA30-DB524662B049}.Debug|Any CPU.Build.0 = Debug|Any CPU
		{BCB96804-5765-4272-BA30-DB524662B049}.Release|Any CPU.ActiveCfg = Release|Any CPU
		{BCB96804-5765-4272-BA30-DB524662B049}.Release|Any CPU.Build.0 = Release|Any CPU
	EndGlobalSection
	GlobalSection(SolutionProperties) = preSolution
		HideSolutionNode = FALSE
	EndGlobalSection
	GlobalSection(ExtensibilityGlobals) = postSolution
		SolutionGuid = {C2866671-C178-4092-8CB9-F991B02D0FDD}
	EndGlobalSection
EndGlobal
